
Microsoft Visual Studio Solution File, Format Version 12.00
# Visual Studio Version 17
VisualStudioVersion = 17.0.31903.59
MinimumVisualStudioVersion = 10.0.40219.1
Project("{2150E333-8FDC-42A3-9474-1A3956D46DE8}") = "src", "src", "{FE6EAA0A-D32A-49E0-BD71-5EE0E1EAECF0}"
EndProject
Project("{FAE04EC0-301F-11D3-BF4B-00C04F79EFBC}") = "Domain", "src\Domain\Domain.csproj", "{5D917561-DCFF-426C-9142-E533C0575B0C}"
EndProject
Project("{FAE04EC0-301F-11D3-BF4B-00C04F79EFBC}") = "Application", "src\Application\Application.csproj", "{90F7DB4E-95F9-45F2-AFC9-EB0E7532A999}"
EndProject
Project("{FAE04EC0-301F-11D3-BF4B-00C04F79EFBC}") = "Infrastructure", "src\Infrastructure\Infrastructure.csproj", "{8786B518-DB9D-454B-9556-E2D0DCDB0DC6}"
EndProject
Project("{FAE04EC0-301F-11D3-BF4B-00C04F79EFBC}") = "Shared", "src\Shared\Shared.csproj", "{239E7053-1C11-4287-B304-6E9C06BB7E56}"
EndProject
Project("{FAE04EC0-301F-11D3-BF4B-00C04F79EFBC}") = "CLI", "src\CLI\CLI.csproj", "{61B0A4DF-39C6-42B5-81F6-2C753B480D47}"
EndProject
Project("{2150E333-8FDC-42A3-9474-1A3956D46DE8}") = "tests", "tests", "{A1CBA74C-1BBA-43B3-8FEC-7C0176FCB026}"
EndProject
Project("{FAE04EC0-301F-11D3-BF4B-00C04F79EFBC}") = "Domain.Tests", "tests\Domain.Tests\Domain.Tests.csproj", "{64954AC3-1719-40B5-AD61-0AADEC39A9FD}"
EndProject
Global
	GlobalSection(SolutionConfigurationPlatforms) = preSolution
		Debug|Any CPU = Debug|Any CPU
		Release|Any CPU = Release|Any CPU
	EndGlobalSection
	GlobalSection(SolutionProperties) = preSolution
		HideSolutionNode = FALSE
	EndGlobalSection
	GlobalSection(ProjectConfigurationPlatforms) = postSolution
		{5D917561-DCFF-426C-9142-E533C0575B0C}.Debug|Any CPU.ActiveCfg = Debug|Any CPU
		{5D917561-DCFF-426C-9142-E533C0575B0C}.Debug|Any CPU.Build.0 = Debug|Any CPU
		{5D917561-DCFF-426C-9142-E533C0575B0C}.Release|Any CPU.ActiveCfg = Release|Any CPU
		{5D917561-DCFF-426C-9142-E533C0575B0C}.Release|Any CPU.Build.0 = Release|Any CPU
		{90F7DB4E-95F9-45F2-AFC9-EB0E7532A999}.Debug|Any CPU.ActiveCfg = Debug|Any CPU
		{90F7DB4E-95F9-45F2-AFC9-EB0E7532A999}.Debug|Any CPU.Build.0 = Debug|Any CPU
		{90F7DB4E-95F9-45F2-AFC9-EB0E7532A999}.Release|Any CPU.ActiveCfg = Release|Any CPU
		{90F7DB4E-95F9-45F2-AFC9-EB0E7532A999}.Release|Any CPU.Build.0 = Release|Any CPU
		{8786B518-DB9D-454B-9556-E2D0DCDB0DC6}.Debug|Any CPU.ActiveCfg = Debug|Any CPU
		{8786B518-DB9D-454B-9556-E2D0DCDB0DC6}.Debug|Any CPU.Build.0 = Debug|Any CPU
		{8786B518-DB9D-454B-9556-E2D0DCDB0DC6}.Release|Any CPU.ActiveCfg = Release|Any CPU
		{8786B518-DB9D-454B-9556-E2D0DCDB0DC6}.Release|Any CPU.Build.0 = Release|Any CPU
		{239E7053-1C11-4287-B304-6E9C06BB7E56}.Debug|Any CPU.ActiveCfg = Debug|Any CPU
		{239E7053-1C11-4287-B304-6E9C06BB7E56}.Debug|Any CPU.Build.0 = Debug|Any CPU
		{239E7053-1C11-4287-B304-6E9C06BB7E56}.Release|Any CPU.ActiveCfg = Release|Any CPU
		{239E7053-1C11-4287-B304-6E9C06BB7E56}.Release|Any CPU.Build.0 = Release|Any CPU
		{61B0A4DF-39C6-42B5-81F6-2C753B480D47}.Debug|Any CPU.ActiveCfg = Debug|Any CPU
		{61B0A4DF-39C6-42B5-81F6-2C753B480D47}.Debug|Any CPU.Build.0 = Debug|Any CPU
		{61B0A4DF-39C6-42B5-81F6-2C753B480D47}.Release|Any CPU.ActiveCfg = Release|Any CPU
		{61B0A4DF-39C6-42B5-81F6-2C753B480D47}.Release|Any CPU.Build.0 = Release|Any CPU
		{64954AC3-1719-40B5-AD61-0AADEC39A9FD}.Debug|Any CPU.ActiveCfg = Debug|Any CPU
		{64954AC3-1719-40B5-AD61-0AADEC39A9FD}.Debug|Any CPU.Build.0 = Debug|Any CPU
		{64954AC3-1719-40B5-AD61-0AADEC39A9FD}.Release|Any CPU.ActiveCfg = Release|Any CPU
		{64954AC3-1719-40B5-AD61-0AADEC39A9FD}.Release|Any CPU.Build.0 = Release|Any CPU
	EndGlobalSection
	GlobalSection(NestedProjects) = preSolution
		{5D917561-DCFF-426C-9142-E533C0575B0C} = {FE6EAA0A-D32A-49E0-BD71-5EE0E1EAECF0}
		{90F7DB4E-95F9-45F2-AFC9-EB0E7532A999} = {FE6EAA0A-D32A-49E0-BD71-5EE0E1EAECF0}
		{8786B518-DB9D-454B-9556-E2D0DCDB0DC6} = {FE6EAA0A-D32A-49E0-BD71-5EE0E1EAECF0}
		{239E7053-1C11-4287-B304-6E9C06BB7E56} = {FE6EAA0A-D32A-49E0-BD71-5EE0E1EAECF0}
		{61B0A4DF-39C6-42B5-81F6-2C753B480D47} = {FE6EAA0A-D32A-49E0-BD71-5EE0E1EAECF0}
		{64954AC3-1719-40B5-AD61-0AADEC39A9FD} = {A1CBA74C-1BBA-43B3-8FEC-7C0176FCB026}
	EndGlobalSection
EndGlobal
